// !$*UTF8*$!
{
	archiveVersion = 1;
	classes = {
	};
	objectVersion = 56;
	objects = {

/* Begin PBXBuildFile section */
		2326C5C52AEF733F0046AE4A /* AlignmentToolApp.swift in Sources */ = {isa = PBXBuildFile; fileRef = 2326C5C42AEF733F0046AE4A /* AlignmentToolApp.swift */; };
		2326C5C72AEF76A30046AE4A /* AligmentView.swift in Sources */ = {isa = PBXBuildFile; fileRef = 2326C5C62AEF76A30046AE4A /* AligmentView.swift */; };
		2326C5C92AEF7E5A0046AE4A /* Ex04.swift in Sources */ = {isa = PBXBuildFile; fileRef = 2326C5C82AEF7E5A0046AE4A /* Ex04.swift */; };
		2326C5CB2AEF8FB10046AE4A /* Ex05.swift in Sources */ = {isa = PBXBuildFile; fileRef = 2326C5CA2AEF8FB10046AE4A /* Ex05.swift */; };
		2326C5CD2AEF94F80046AE4A /* AlignmnetZStackView.swift in Sources */ = {isa = PBXBuildFile; fileRef = 2326C5CC2AEF94F80046AE4A /* AlignmnetZStackView.swift */; };
		2326C5CF2AEFA4B70046AE4A /* StackAlignmentEx.swift in Sources */ = {isa = PBXBuildFile; fileRef = 2326C5CE2AEFA4B70046AE4A /* StackAlignmentEx.swift */; };
		2326C5D12AF0DDF00046AE4A /* ListNavigationView.swift in Sources */ = {isa = PBXBuildFile; fileRef = 2326C5D02AF0DDF00046AE4A /* ListNavigationView.swift */; };
		2326C5D32AF1DEEB0046AE4A /* ListEx.swift in Sources */ = {isa = PBXBuildFile; fileRef = 2326C5D22AF1DEEB0046AE4A /* ListEx.swift */; };
		23A780592AEF6DC800E992BA /* ProjectApp.swift in Sources */ = {isa = PBXBuildFile; fileRef = 23A780582AEF6DC800E992BA /* ProjectApp.swift */; };
		23A7805B2AEF6DC800E992BA /* ContentView.swift in Sources */ = {isa = PBXBuildFile; fileRef = 23A7805A2AEF6DC800E992BA /* ContentView.swift */; };
		23A7805D2AEF6DC900E992BA /* Assets.xcassets in Resources */ = {isa = PBXBuildFile; fileRef = 23A7805C2AEF6DC900E992BA /* Assets.xcassets */; };
		23A780602AEF6DC900E992BA /* Preview Assets.xcassets in Resources */ = {isa = PBXBuildFile; fileRef = 23A7805F2AEF6DC900E992BA /* Preview Assets.xcassets */; };
/* End PBXBuildFile section */

/* Begin PBXFileReference section */
		2326C5C42AEF733F0046AE4A /* AlignmentToolApp.swift */ = {isa = PBXFileReference; lastKnownFileType = sourcecode.swift; path = AlignmentToolApp.swift; sourceTree = "<group>"; };
		2326C5C62AEF76A30046AE4A /* AligmentView.swift */ = {isa = PBXFileReference; lastKnownFileType = sourcecode.swift; path = AligmentView.swift; sourceTree = "<group>"; };
		2326C5C82AEF7E5A0046AE4A /* Ex04.swift */ = {isa = PBXFileReference; lastKnownFileType = sourcecode.swift; path = Ex04.swift; sourceTree = "<group>"; };
		2326C5CA2AEF8FB10046AE4A /* Ex05.swift */ = {isa = PBXFileReference; lastKnownFileType = sourcecode.swift; path = Ex05.swift; sourceTree = "<group>"; };
		2326C5CC2AEF94F80046AE4A /* AlignmnetZStackView.swift */ = {isa = PBXFileReference; lastKnownFileType = sourcecode.swift; path = AlignmnetZStackView.swift; sourceTree = "<group>"; };
		2326C5CE2AEFA4B70046AE4A /* StackAlignmentEx.swift */ = {isa = PBXFileReference; lastKnownFileType = sourcecode.swift; path = StackAlignmentEx.swift; sourceTree = "<group>"; };
		2326C5D02AF0DDF00046AE4A /* ListNavigationView.swift */ = {isa = PBXFileReference; lastKnownFileType = sourcecode.swift; path = ListNavigationView.swift; sourceTree = "<group>"; };
		2326C5D22AF1DEEB0046AE4A /* ListEx.swift */ = {isa = PBXFileReference; lastKnownFileType = sourcecode.swift; path = ListEx.swift; sourceTree = "<group>"; };
		23A780552AEF6DC800E992BA /* Project.app */ = {isa = PBXFileReference; explicitFileType = wrapper.application; includeInIndex = 0; path = Project.app; sourceTree = BUILT_PRODUCTS_DIR; };
		23A780582AEF6DC800E992BA /* ProjectApp.swift */ = {isa = PBXFileReference; lastKnownFileType = sourcecode.swift; path = ProjectApp.swift; sourceTree = "<group>"; };
		23A7805A2AEF6DC800E992BA /* ContentView.swift */ = {isa = PBXFileReference; lastKnownFileType = sourcecode.swift; path = ContentView.swift; sourceTree = "<group>"; };
		23A7805C2AEF6DC900E992BA /* Assets.xcassets */ = {isa = PBXFileReference; lastKnownFileType = folder.assetcatalog; path = Assets.xcassets; sourceTree = "<group>"; };
		23A7805F2AEF6DC900E992BA /* Preview Assets.xcassets */ = {isa = PBXFileReference; lastKnownFileType = folder.assetcatalog; path = "Preview Assets.xcassets"; sourceTree = "<group>"; };
/* End PBXFileReference section */

/* Begin PBXFrameworksBuildPhase section */
		23A780522AEF6DC800E992BA /* Frameworks */ = {
			isa = PBXFrameworksBuildPhase;
			buildActionMask = 2147483647;
			files = (
			);
			runOnlyForDeploymentPostprocessing = 0;
		};
/* End PBXFrameworksBuildPhase section */

/* Begin PBXGroup section */
		23A7804C2AEF6DC800E992BA = {
			isa = PBXGroup;
			children = (
				23A780572AEF6DC800E992BA /* Project */,
				23A780562AEF6DC800E992BA /* Products */,
			);
			sourceTree = "<group>";
		};
		23A780562AEF6DC800E992BA /* Products */ = {
			isa = PBXGroup;
			children = (
				23A780552AEF6DC800E992BA /* Project.app */,
			);
			name = Products;
			sourceTree = "<group>";
		};
		23A780572AEF6DC800E992BA /* Project */ = {
			isa = PBXGroup;
			children = (
				2326C5CC2AEF94F80046AE4A /* AlignmnetZStackView.swift */,
				23A780582AEF6DC800E992BA /* ProjectApp.swift */,
				23A7805A2AEF6DC800E992BA /* ContentView.swift */,
				2326C5C42AEF733F0046AE4A /* AlignmentToolApp.swift */,
				2326C5C62AEF76A30046AE4A /* AligmentView.swift */,
				2326C5C82AEF7E5A0046AE4A /* Ex04.swift */,
				2326C5CA2AEF8FB10046AE4A /* Ex05.swift */,
				2326C5CE2AEFA4B70046AE4A /* StackAlignmentEx.swift */,
				2326C5D02AF0DDF00046AE4A /* ListNavigationView.swift */,
				2326C5D22AF1DEEB0046AE4A /* ListEx.swift */,
				23A7805E2AEF6DC900E992BA /* Preview Content */,
				23A7805C2AEF6DC900E992BA /* Assets.xcassets */,
			);
			path = Project;
			sourceTree = "<group>";
		};
		23A7805E2AEF6DC900E992BA /* Preview Content */ = {
			isa = PBXGroup;
			children = (
				23A7805F2AEF6DC900E992BA /* Preview Assets.xcassets */,
			);
			path = "Preview Content";
			sourceTree = "<group>";
		};
/* End PBXGroup section */

/* Begin PBXNativeTarget section */
		23A780542AEF6DC800E992BA /* Project */ = {
			isa = PBXNativeTarget;
			buildConfigurationList = 23A780632AEF6DC900E992BA /* Build configuration list for PBXNativeTarget "Project" */;
			buildPhases = (
				23A780512AEF6DC800E992BA /* Sources */,
				23A780522AEF6DC800E992BA /* Frameworks */,
				23A780532AEF6DC800E992BA /* Resources */,
			);
			buildRules = (
			);
			dependencies = (
			);
			name = Project;
			productName = Project;
			productReference = 23A780552AEF6DC800E992BA /* Project.app */;
			productType = "com.apple.product-type.application";
		};
/* End PBXNativeTarget section */

/* Begin PBXProject section */
		23A7804D2AEF6DC800E992BA /* Project object */ = {
			isa = PBXProject;
			attributes = {
				BuildIndependentTargetsInParallel = 1;
				LastSwiftUpdateCheck = 1430;
				LastUpgradeCheck = 1430;
				TargetAttributes = {
					23A780542AEF6DC800E992BA = {
						CreatedOnToolsVersion = 14.3.1;
					};
				};
			};
			buildConfigurationList = 23A780502AEF6DC800E992BA /* Build configuration list for PBXProject "Project" */;
			compatibilityVersion = "Xcode 14.0";
			developmentRegion = en;
			hasScannedForEncodings = 0;
			knownRegions = (
				en,
				Base,
			);
			mainGroup = 23A7804C2AEF6DC800E992BA;
			productRefGroup = 23A780562AEF6DC800E992BA /* Products */;
			projectDirPath = "";
			projectRoot = "";
			targets = (
				23A780542AEF6DC800E992BA /* Project */,
			);
		};
/* End PBXProject section */

/* Begin PBXResourcesBuildPhase section */
		23A780532AEF6DC800E992BA /* Resources */ = {
			isa = PBXResourcesBuildPhase;
			buildActionMask = 2147483647;
			files = (
				23A780602AEF6DC900E992BA /* Preview Assets.xcassets in Resources */,
				23A7805D2AEF6DC900E992BA /* Assets.xcassets in Resources */,
			);
			runOnlyForDeploymentPostprocessing = 0;
		};
/* End PBXResourcesBuildPhase section */

/* Begin PBXSourcesBuildPhase section */
		23A780512AEF6DC800E992BA /* Sources */ = {
			isa = PBXSourcesBuildPhase;
			buildActionMask = 2147483647;
			files = (
				23A7805B2AEF6DC800E992BA /* ContentView.swift in Sources */,
				2326C5C72AEF76A30046AE4A /* AligmentView.swift in Sources */,
				2326C5C52AEF733F0046AE4A /* AlignmentToolApp.swift in Sources */,
				2326C5CF2AEFA4B70046AE4A /* StackAlignmentEx.swift in Sources */,
				23A780592AEF6DC800E992BA /* ProjectApp.swift in Sources */,
				2326C5C92AEF7E5A0046AE4A /* Ex04.swift in Sources */,
				2326C5D32AF1DEEB0046AE4A /* ListEx.swift in Sources */,
				2326C5D12AF0DDF00046AE4A /* ListNavigationView.swift in Sources */,
				2326C5CB2AEF8FB10046AE4A /* Ex05.swift in Sources */,
				2326C5CD2AEF94F80046AE4A /* AlignmnetZStackView.swift in Sources */,
			);
			runOnlyForDeploymentPostprocessing = 0;
		};
/* End PBXSourcesBuildPhase section */

/* Begin XCBuildConfiguration section */
		23A780612AEF6DC900E992BA /* Debug */ = {
			isa = XCBuildConfiguration;
			buildSettings = {
				ALWAYS_SEARCH_USER_PATHS = NO;
				CLANG_ANALYZER_NONNULL = YES;
				CLANG_ANALYZER_NUMBER_OBJECT_CONVERSION = YES_AGGRESSIVE;
				CLANG_CXX_LANGUAGE_STANDARD = "gnu++20";
				CLANG_ENABLE_MODULES = YES;
				CLANG_ENABLE_OBJC_ARC = YES;
				CLANG_ENABLE_OBJC_WEAK = YES;
				CLANG_WARN_BLOCK_CAPTURE_AUTORELEASING = YES;
				CLANG_WARN_BOOL_CONVERSION = YES;
				CLANG_WARN_COMMA = YES;
				CLANG_WARN_CONSTANT_CONVERSION = YES;
				CLANG_WARN_DEPRECATED_OBJC_IMPLEMENTATIONS = YES;
				CLANG_WARN_DIRECT_OBJC_ISA_USAGE = YES_ERROR;
				CLANG_WARN_DOCUMENTATION_COMMENTS = YES;
				CLANG_WARN_EMPTY_BODY = YES;
				CLANG_WARN_ENUM_CONVERSION = YES;
				CLANG_WARN_INFINITE_RECURSION = YES;
				CLANG_WARN_INT_CONVERSION = YES;
				CLANG_WARN_NON_LITERAL_NULL_CONVERSION = YES;
				CLANG_WARN_OBJC_IMPLICIT_RETAIN_SELF = YES;
				CLANG_WARN_OBJC_LITERAL_CONVERSION = YES;
				CLANG_WARN_OBJC_ROOT_CLASS = YES_ERROR;
				CLANG_WARN_QUOTED_INCLUDE_IN_FRAMEWORK_HEADER = YES;
				CLANG_WARN_RANGE_LOOP_ANALYSIS = YES;
				CLANG_WARN_STRICT_PROTOTYPES = YES;
				CLANG_WARN_SUSPICIOUS_MOVE = YES;
				CLANG_WARN_UNGUARDED_AVAILABILITY = YES_AGGRESSIVE;
				CLANG_WARN_UNREACHABLE_CODE = YES;
				CLANG_WARN__DUPLICATE_METHOD_MATCH = YES;
				COPY_PHASE_STRIP = NO;
				DEBUG_INFORMATION_FORMAT = dwarf;
				ENABLE_STRICT_OBJC_MSGSEND = YES;
				ENABLE_TESTABILITY = YES;
				GCC_C_LANGUAGE_STANDARD = gnu11;
				GCC_DYNAMIC_NO_PIC = NO;
				GCC_NO_COMMON_BLOCKS = YES;
				GCC_OPTIMIZATION_LEVEL = 0;
				GCC_PREPROCESSOR_DEFINITIONS = (
					"DEBUG=1",
					"$(inherited)",
				);
				GCC_WARN_64_TO_32_BIT_CONVERSION = YES;
				GCC_WARN_ABOUT_RETURN_TYPE = YES_ERROR;
				GCC_WARN_UNDECLARED_SELECTOR = YES;
				GCC_WARN_UNINITIALIZED_AUTOS = YES_AGGRESSIVE;
				GCC_WARN_UNUSED_FUNCTION = YES;
				GCC_WARN_UNUSED_VARIABLE = YES;
				IPHONEOS_DEPLOYMENT_TARGET = 16.4;
				MTL_ENABLE_DEBUG_INFO = INCLUDE_SOURCE;
				MTL_FAST_MATH = YES;
				ONLY_ACTIVE_ARCH = YES;
				SDKROOT = iphoneos;
				SWIFT_ACTIVE_COMPILATION_CONDITIONS = DEBUG;
				SWIFT_OPTIMIZATION_LEVEL = "-Onone";
			};
			name = Debug;
		};
		23A780622AEF6DC900E992BA /* Release */ = {
			isa = XCBuildConfiguration;
			buildSettings = {
				ALWAYS_SEARCH_USER_PATHS = NO;
				CLANG_ANALYZER_NONNULL = YES;
				CLANG_ANALYZER_NUMBER_OBJECT_CONVERSION = YES_AGGRESSIVE;
				CLANG_CXX_LANGUAGE_STANDARD = "gnu++20";
				CLANG_ENABLE_MODULES = YES;
				CLANG_ENABLE_OBJC_ARC = YES;
				CLANG_ENABLE_OBJC_WEAK = YES;
				CLANG_WARN_BLOCK_CAPTURE_AUTORELEASING = YES;
				CLANG_WARN_BOOL_CONVERSION = YES;
				CLANG_WARN_COMMA = YES;
				CLANG_WARN_CONSTANT_CONVERSION = YES;
				CLANG_WARN_DEPRECATED_OBJC_IMPLEMENTATIONS = YES;
				CLANG_WARN_DIRECT_OBJC_ISA_USAGE = YES_ERROR;
				CLANG_WARN_DOCUMENTATION_COMMENTS = YES;
				CLANG_WARN_EMPTY_BODY = YES;
				CLANG_WARN_ENUM_CONVERSION = YES;
				CLANG_WARN_INFINITE_RECURSION = YES;
				CLANG_WARN_INT_CONVERSION = YES;
				CLANG_WARN_NON_LITERAL_NULL_CONVERSION = YES;
				CLANG_WARN_OBJC_IMPLICIT_RETAIN_SELF = YES;
				CLANG_WARN_OBJC_LITERAL_CONVERSION = YES;
				CLANG_WARN_OBJC_ROOT_CLASS = YES_ERROR;
				CLANG_WARN_QUOTED_INCLUDE_IN_FRAMEWORK_HEADER = YES;
				CLANG_WARN_RANGE_LOOP_ANALYSIS = YES;
				CLANG_WARN_STRICT_PROTOTYPES = YES;
				CLANG_WARN_SUSPICIOUS_MOVE = YES;
				CLANG_WARN_UNGUARDED_AVAILABILITY = YES_AGGRESSIVE;
				CLANG_WARN_UNREACHABLE_CODE = YES;
				CLANG_WARN__DUPLICATE_METHOD_MATCH = YES;
				COPY_PHASE_STRIP = NO;
				DEBUG_INFORMATION_FORMAT = "dwarf-with-dsym";
				ENABLE_NS_ASSERTIONS = NO;
				ENABLE_STRICT_OBJC_MSGSEND = YES;
				GCC_C_LANGUAGE_STANDARD = gnu11;
				GCC_NO_COMMON_BLOCKS = YES;
				GCC_WARN_64_TO_32_BIT_CONVERSION = YES;
				GCC_WARN_ABOUT_RETURN_TYPE = YES_ERROR;
				GCC_WARN_UNDECLARED_SELECTOR = YES;
				GCC_WARN_UNINITIALIZED_AUTOS = YES_AGGRESSIVE;
				GCC_WARN_UNUSED_FUNCTION = YES;
				GCC_WARN_UNUSED_VARIABLE = YES;
				IPHONEOS_DEPLOYMENT_TARGET = 16.4;
				MTL_ENABLE_DEBUG_INFO = NO;
				MTL_FAST_MATH = YES;
				SDKROOT = iphoneos;
				SWIFT_COMPILATION_MODE = wholemodule;
				SWIFT_OPTIMIZATION_LEVEL = "-O";
				VALIDATE_PRODUCT = YES;
			};
			name = Release;
		};
		23A780642AEF6DC900E992BA /* Debug */ = {
			isa = XCBuildConfiguration;
			buildSettings = {
				ASSETCATALOG_COMPILER_APPICON_NAME = AppIcon;
				ASSETCATALOG_COMPILER_GLOBAL_ACCENT_COLOR_NAME = AccentColor;
				CODE_SIGN_STYLE = Automatic;
				CURRENT_PROJECT_VERSION = 1;
				DEVELOPMENT_ASSET_PATHS = "\"Project/Preview Content\"";
				ENABLE_PREVIEWS = YES;
				GENERATE_INFOPLIST_FILE = YES;
				INFOPLIST_KEY_UIApplicationSceneManifest_Generation = YES;
				INFOPLIST_KEY_UIApplicationSupportsIndirectInputEvents = YES;
				INFOPLIST_KEY_UILaunchScreen_Generation = YES;
				INFOPLIST_KEY_UISupportedInterfaceOrientations_iPad = "UIInterfaceOrientationPortrait UIInterfaceOrientationPortraitUpsideDown UIInterfaceOrientationLandscapeLeft UIInterfaceOrientationLandscapeRight";
				INFOPLIST_KEY_UISupportedInterfaceOrientations_iPhone = "UIInterfaceOrientationPortrait UIInterfaceOrientationLandscapeLeft UIInterfaceOrientationLandscapeRight";
				LD_RUNPATH_SEARCH_PATHS = (
					"$(inherited)",
					"@executable_path/Frameworks",
				);
				MARKETING_VERSION = 1.0;
				PRODUCT_BUNDLE_IDENTIFIER = com.ios.Project;
				PRODUCT_NAME = "$(TARGET_NAME)";
				SWIFT_EMIT_LOC_STRINGS = YES;
				SWIFT_VERSION = 5.0;
				TARGETED_DEVICE_FAMILY = "1,2";
			};
			name = Debug;
		};
		23A780652AEF6DC900E992BA /* Release */ = {
			isa = XCBuildConfiguration;
			buildSettings = {
				ASSETCATALOG_COMPILER_APPICON_NAME = AppIcon;
				ASSETCATALOG_COMPILER_GLOBAL_ACCENT_COLOR_NAME = AccentColor;
				CODE_SIGN_STYLE = Automatic;
				CURRENT_PROJECT_VERSION = 1;
				DEVELOPMENT_ASSET_PATHS = "\"Project/Preview Content\"";
				ENABLE_PREVIEWS = YES;
				GENERATE_INFOPLIST_FILE = YES;
				INFOPLIST_KEY_UIApplicationSceneManifest_Generation = YES;
				INFOPLIST_KEY_UIApplicationSupportsIndirectInputEvents = YES;
				INFOPLIST_KEY_UILaunchScreen_Generation = YES;
				INFOPLIST_KEY_UISupportedInterfaceOrientations_iPad = "UIInterfaceOrientationPortrait UIInterfaceOrientationPortraitUpsideDown UIInterfaceOrientationLandscapeLeft UIInterfaceOrientationLandscapeRight";
				INFOPLIST_KEY_UISupportedInterfaceOrientations_iPhone = "UIInterfaceOrientationPortrait UIInterfaceOrientationLandscapeLeft UIInterfaceOrientationLandscapeRight";
				LD_RUNPATH_SEARCH_PATHS = (
					"$(inherited)",
					"@executable_path/Frameworks",
				);
				MARKETING_VERSION = 1.0;
				PRODUCT_BUNDLE_IDENTIFIER = com.ios.Project;
				PRODUCT_NAME = "$(TARGET_NAME)";
				SWIFT_EMIT_LOC_STRINGS = YES;
				SWIFT_VERSION = 5.0;
				TARGETED_DEVICE_FAMILY = "1,2";
			};
			name = Release;
		};
/* End XCBuildConfiguration section */

/* Begin XCConfigurationList section */
		23A780502AEF6DC800E992BA /* Build configuration list for PBXProject "Project" */ = {
			isa = XCConfigurationList;
			buildConfigurations = (
				23A780612AEF6DC900E992BA /* Debug */,
				23A780622AEF6DC900E992BA /* Release */,
			);
			defaultConfigurationIsVisible = 0;
			defaultConfigurationName = Release;
		};
		23A780632AEF6DC900E992BA /* Build configuration list for PBXNativeTarget "Project" */ = {
			isa = XCConfigurationList;
			buildConfigurations = (
				23A780642AEF6DC900E992BA /* Debug */,
				23A780652AEF6DC900E992BA /* Release */,
			);
			defaultConfigurationIsVisible = 0;
			defaultConfigurationName = Release;
		};
/* End XCConfigurationList section */
	};
	rootObject = 23A7804D2AEF6DC800E992BA /* Project object */;
}
